
Microsoft Visual Studio Solution File, Format Version 12.00
# Visual Studio 15
VisualStudioVersion = 15.0.28307.329
MinimumVisualStudioVersion = 10.0.40219.1
Project("{FAE04EC0-301F-11D3-BF4B-00C04F79EFBC}") = "BarInfo.Android", "BarInfo\BarInfo.Android\BarInfo.Android.csproj", "{457154E5-A29A-45E8-BD5D-236ED258A255}"
EndProject
Project("{9A19103F-16F7-4668-BE54-9A1E7A4F7556}") = "BarInfo", "BarInfo\BarInfo\BarInfo.csproj", "{96B3E98C-A4E7-4A08-BB1C-321344460B53}"
EndProject
Project("{FAE04EC0-301F-11D3-BF4B-00C04F79EFBC}") = "DetailedBar.Android", "DetailedBar\DetailedBar.Android\DetailedBar.Android.csproj", "{C1DEDC6E-6405-4045-8AAB-DD52E3D857DD}"
EndProject
Project("{FAE04EC0-301F-11D3-BF4B-00C04F79EFBC}") = "DetailedBar", "DetailedBar\DetailedBar\DetailedBar.csproj", "{60220981-265D-4083-AFB0-C197FD523294}"
EndProject
Global
	GlobalSection(SolutionConfigurationPlatforms) = preSolution
		Debug|Any CPU = Debug|Any CPU
		Release|Any CPU = Release|Any CPU
	EndGlobalSection
	GlobalSection(ProjectConfigurationPlatforms) = postSolution
		{457154E5-A29A-45E8-BD5D-236ED258A255}.Debug|Any CPU.ActiveCfg = Debug|Any CPU
		{457154E5-A29A-45E8-BD5D-236ED258A255}.Debug|Any CPU.Build.0 = Debug|Any CPU
		{457154E5-A29A-45E8-BD5D-236ED258A255}.Debug|Any CPU.Deploy.0 = Debug|Any CPU
		{457154E5-A29A-45E8-BD5D-236ED258A255}.Release|Any CPU.ActiveCfg = Release|Any CPU
		{457154E5-A29A-45E8-BD5D-236ED258A255}.Release|Any CPU.Build.0 = Release|Any CPU
		{457154E5-A29A-45E8-BD5D-236ED258A255}.Release|Any CPU.Deploy.0 = Release|Any CPU
		{96B3E98C-A4E7-4A08-BB1C-321344460B53}.Debug|Any CPU.ActiveCfg = Debug|Any CPU
		{96B3E98C-A4E7-4A08-BB1C-321344460B53}.Debug|Any CPU.Build.0 = Debug|Any CPU
		{96B3E98C-A4E7-4A08-BB1C-321344460B53}.Release|Any CPU.ActiveCfg = Release|Any CPU
		{96B3E98C-A4E7-4A08-BB1C-321344460B53}.Release|Any CPU.Build.0 = Release|Any CPU
		{C1DEDC6E-6405-4045-8AAB-DD52E3D857DD}.Debug|Any CPU.ActiveCfg = Debug|Any CPU
		{C1DEDC6E-6405-4045-8AAB-DD52E3D857DD}.Debug|Any CPU.Build.0 = Debug|Any CPU
		{C1DEDC6E-6405-4045-8AAB-DD52E3D857DD}.Debug|Any CPU.Deploy.0 = Debug|Any CPU
		{C1DEDC6E-6405-4045-8AAB-DD52E3D857DD}.Release|Any CPU.ActiveCfg = Release|Any CPU
		{C1DEDC6E-6405-4045-8AAB-DD52E3D857DD}.Release|Any CPU.Build.0 = Release|Any CPU
		{C1DEDC6E-6405-4045-8AAB-DD52E3D857DD}.Release|Any CPU.Deploy.0 = Release|Any CPU
		{60220981-265D-4083-AFB0-C197FD523294}.Debug|Any CPU.ActiveCfg = Debug|Any CPU
		{60220981-265D-4083-AFB0-C197FD523294}.Debug|Any CPU.Build.0 = Debug|Any CPU
		{60220981-265D-4083-AFB0-C197FD523294}.Release|Any CPU.ActiveCfg = Release|Any CPU
		{60220981-265D-4083-AFB0-C197FD523294}.Release|Any CPU.Build.0 = Release|Any CPU
	EndGlobalSection
	GlobalSection(SolutionProperties) = preSolution
		HideSolutionNode = FALSE
	EndGlobalSection
	GlobalSection(ExtensibilityGlobals) = postSolution
		SolutionGuid = {C494D6DB-9BD1-45F8-AE78-B6E822AB905B}
	EndGlobalSection
EndGlobal
